
Microsoft Visual Studio Solution File, Format Version 12.00
# Visual Studio Version 17
VisualStudioVersion = 17.8.34525.116
MinimumVisualStudioVersion = 10.0.40219.1
Project("{9A19103F-16F7-4668-BE54-9A1E7A4F7556}") = "Rmrc", "Rmrc\Rmrc.csproj", "{2E57D158-FEF0-43CB-8E47-AACFB840D3AE}"
EndProject
Project("{2150E333-8FDC-42A3-9474-1A3956D46DE8}") = ".build", ".build", "{FC0F2829-8C74-44E9-B523-462FF569AF2A}"
	ProjectSection(SolutionItems) = preProject
		.editorconfig = .editorconfig
		Directory.Build.props = Directory.Build.props
	EndProjectSection
EndProject
Global
	GlobalSection(SolutionConfigurationPlatforms) = preSolution
		Debug|Any CPU = Debug|Any CPU
		Release|Any CPU = Release|Any CPU
	EndGlobalSection
	GlobalSection(ProjectConfigurationPlatforms) = postSolution
		{2E57D158-FEF0-43CB-8E47-AACFB840D3AE}.Debug|Any CPU.ActiveCfg = Debug|Any CPU
		{2E57D158-FEF0-43CB-8E47-AACFB840D3AE}.Debug|Any CPU.Build.0 = Debug|Any CPU
		{2E57D158-FEF0-43CB-8E47-AACFB840D3AE}.Release|Any CPU.ActiveCfg = Release|Any CPU
		{2E57D158-FEF0-43CB-8E47-AACFB840D3AE}.Release|Any CPU.Build.0 = Release|Any CPU
	EndGlobalSection
	GlobalSection(SolutionProperties) = preSolution
		HideSolutionNode = FALSE
	EndGlobalSection
	GlobalSection(ExtensibilityGlobals) = postSolution
		SolutionGuid = {87A903C1-F24A-43B2-9E99-1638A8709F1F}
	EndGlobalSection
EndGlobal
